
Microsoft Visual Studio Solution File, Format Version 12.00
# Visual Studio Version 16
VisualStudioVersion = 16.0.29418.71
MinimumVisualStudioVersion = 10.0.40219.1
Project("{FAE04EC0-301F-11D3-BF4B-00C04F79EFBC}") = "Apollus_Avaliacao", "Apollus_Avaliacao\Apollus_Avaliacao.csproj", "{FBAD95A5-0E12-4981-8055-1E257528DDF3}"
EndProject
Global
	GlobalSection(SolutionConfigurationPlatforms) = preSolution
		Debug|Any CPU = Debug|Any CPU
		Release|Any CPU = Release|Any CPU
	EndGlobalSection
	GlobalSection(ProjectConfigurationPlatforms) = postSolution
		{FBAD95A5-0E12-4981-8055-1E257528DDF3}.Debug|Any CPU.ActiveCfg = Debug|Any CPU
		{FBAD95A5-0E12-4981-8055-1E257528DDF3}.Debug|Any CPU.Build.0 = Debug|Any CPU
		{FBAD95A5-0E12-4981-8055-1E257528DDF3}.Release|Any CPU.ActiveCfg = Release|Any CPU
		{FBAD95A5-0E12-4981-8055-1E257528DDF3}.Release|Any CPU.Build.0 = Release|Any CPU
	EndGlobalSection
	GlobalSection(SolutionProperties) = preSolution
		HideSolutionNode = FALSE
	EndGlobalSection
	GlobalSection(ExtensibilityGlobals) = postSolution
		SolutionGuid = {3F7E75AA-0C63-4F4F-B52F-84507162A838}
	EndGlobalSection
EndGlobal
